
Microsoft Visual Studio Solution File, Format Version 12.00
# Visual Studio Version 17
VisualStudioVersion = 17.11.35219.272
MinimumVisualStudioVersion = 10.0.40219.1
Project("{FAE04EC0-301F-11D3-BF4B-00C04F79EFBC}") = "Interface", "Interface\Interface.csproj", "{810D6D02-7F38-417D-85FF-EF8341D6ACC3}"
EndProject
Global
	GlobalSection(SolutionConfigurationPlatforms) = preSolution
		Debug|Any CPU = Debug|Any CPU
		Release|Any CPU = Release|Any CPU
	EndGlobalSection
	GlobalSection(ProjectConfigurationPlatforms) = postSolution
		{810D6D02-7F38-417D-85FF-EF8341D6ACC3}.Debug|Any CPU.ActiveCfg = Debug|Any CPU
		{810D6D02-7F38-417D-85FF-EF8341D6ACC3}.Debug|Any CPU.Build.0 = Debug|Any CPU
		{810D6D02-7F38-417D-85FF-EF8341D6ACC3}.Release|Any CPU.ActiveCfg = Release|Any CPU
		{810D6D02-7F38-417D-85FF-EF8341D6ACC3}.Release|Any CPU.Build.0 = Release|Any CPU
	EndGlobalSection
	GlobalSection(SolutionProperties) = preSolution
		HideSolutionNode = FALSE
	EndGlobalSection
	GlobalSection(ExtensibilityGlobals) = postSolution
		SolutionGuid = {1AB83524-6D1A-4468-BB02-55FBB8FF91F7}
	EndGlobalSection
EndGlobal
